
Microsoft Visual Studio Solution File, Format Version 12.00
# Visual Studio Version 17
VisualStudioVersion = 17.7.34221.43
MinimumVisualStudioVersion = 10.0.40219.1
Project("{FAE04EC0-301F-11D3-BF4B-00C04F79EFBC}") = "Library_Module_25", "Library_Module_25\Library_Module_25.csproj", "{98EC0AF8-C520-48B9-9EB3-A1EEA5C19A52}"
EndProject
Global
	GlobalSection(SolutionConfigurationPlatforms) = preSolution
		Debug|Any CPU = Debug|Any CPU
		Release|Any CPU = Release|Any CPU
	EndGlobalSection
	GlobalSection(ProjectConfigurationPlatforms) = postSolution
		{98EC0AF8-C520-48B9-9EB3-A1EEA5C19A52}.Debug|Any CPU.ActiveCfg = Debug|Any CPU
		{98EC0AF8-C520-48B9-9EB3-A1EEA5C19A52}.Debug|Any CPU.Build.0 = Debug|Any CPU
		{98EC0AF8-C520-48B9-9EB3-A1EEA5C19A52}.Release|Any CPU.ActiveCfg = Release|Any CPU
		{98EC0AF8-C520-48B9-9EB3-A1EEA5C19A52}.Release|Any CPU.Build.0 = Release|Any CPU
	EndGlobalSection
	GlobalSection(SolutionProperties) = preSolution
		HideSolutionNode = FALSE
	EndGlobalSection
	GlobalSection(ExtensibilityGlobals) = postSolution
		SolutionGuid = {38DA871A-3F95-425C-94CE-1929222C1E2E}
	EndGlobalSection
EndGlobal
